
Microsoft Visual Studio Solution File, Format Version 12.00
# Visual Studio Version 16
VisualStudioVersion = 16.0.30523.141
MinimumVisualStudioVersion = 10.0.40219.1
Project("{FAE04EC0-301F-11D3-BF4B-00C04F79EFBC}") = "TestDoc", "TestDoc\TestDoc.csproj", "{C6506C0D-3C00-45AD-A255-DD7186E586D7}"
EndProject
Global
	GlobalSection(SolutionConfigurationPlatforms) = preSolution
		Debug|Any CPU = Debug|Any CPU
		Release|Any CPU = Release|Any CPU
	EndGlobalSection
	GlobalSection(ProjectConfigurationPlatforms) = postSolution
		{C6506C0D-3C00-45AD-A255-DD7186E586D7}.Debug|Any CPU.ActiveCfg = Debug|Any CPU
		{C6506C0D-3C00-45AD-A255-DD7186E586D7}.Debug|Any CPU.Build.0 = Debug|Any CPU
		{C6506C0D-3C00-45AD-A255-DD7186E586D7}.Release|Any CPU.ActiveCfg = Release|Any CPU
		{C6506C0D-3C00-45AD-A255-DD7186E586D7}.Release|Any CPU.Build.0 = Release|Any CPU
	EndGlobalSection
	GlobalSection(SolutionProperties) = preSolution
		HideSolutionNode = FALSE
	EndGlobalSection
	GlobalSection(ExtensibilityGlobals) = postSolution
		SolutionGuid = {1A266BAD-C282-42DA-9702-E2541FD5C331}
	EndGlobalSection
EndGlobal
